{
  "name": "shengduoduo",
  "version": "1.0.0",
  "lockfileVersion": 3,
  "requires": true,
  "packages": {
    "": {
      "name": "shengduoduo",
      "version": "1.0.0",
      "license": "ISC",
      "dependencies": {
        "antd-mini": "^2.35.3",
        "tdesign-miniprogram": "^1.5.0"
      }
    },
    "node_modules/@mini-types/alipay": {
      "version": "3.0.14",
      "resolved": "https://registry.npmmirror.com/@mini-types/alipay/-/alipay-3.0.14.tgz",
      "integrity": "sha512-FakzSsKvybtWlEIVTIRlr89kuQFn+XY86Ho9VUFFaKLplhW6Wx8FUxTDE7IzV7B9rT8DP/Icy637vUHlXPsw1g==",
      "dependencies": {
        "@mini-types/global": "3.0.14",
        "@mini-types/my": "3.0.14"
      }
    },
    "node_modules/@mini-types/global": {
      "version": "3.0.14",
      "resolved": "https://registry.npmmirror.com/@mini-types/global/-/global-3.0.14.tgz",
      "integrity": "sha512-St2ucFRfKRskposOqV/9iNJTKn1MbyqDypQiy/0DaVJjEm2MFi82RJjX9sBz1uWhQIqzu741PgTjGSy7L/Qj9g=="
    },
    "node_modules/@mini-types/my": {
      "version": "3.0.14",
      "resolved": "https://registry.npmmirror.com/@mini-types/my/-/my-3.0.14.tgz",
      "integrity": "sha512-aEgmM+rbEvEzTvqltCFRAg/h6KKs14M1y+FrOkz+hn2EyNpOVPesUzTjbRhSiFFsE3WdfBh54lHNYBahAmHq7w=="
    },
    "node_modules/antd-mini": {
      "version": "2.35.3",
      "resolved": "https://registry.npmmirror.com/antd-mini/-/antd-mini-2.35.3.tgz",
      "integrity": "sha512-Q/qS9tTBgYQbqY5LU/hpe5U8N8VUXyIywbMoHxfzhyO8zkUrx8LzGDH/EVmaldWtWrSaZgjdMjXLpXrM89mC8A==",
      "dependencies": {
        "@mini-types/alipay": "^3.0.5",
        "async-validator": "^4.0.7",
        "dayjs": "^1.11.3",
        "fast-deep-equal": "3.1.3",
        "lodash-es": "^4.17.21",
        "tslib": "2.5.0"
      }
    },
    "node_modules/async-validator": {
      "version": "4.2.5",
      "resolved": "https://registry.npmmirror.com/async-validator/-/async-validator-4.2.5.tgz",
      "integrity": "sha512-7HhHjtERjqlNbZtqNqy2rckN/SpOOlmDliet+lP7k+eKZEjPk3DgyeU9lIXLdeLz0uBbbVp+9Qdow9wJWgwwfg=="
    },
    "node_modules/dayjs": {
      "version": "1.11.11",
      "resolved": "https://registry.npmmirror.com/dayjs/-/dayjs-1.11.11.tgz",
      "integrity": "sha512-okzr3f11N6WuqYtZSvm+F776mB41wRZMhKP+hc34YdW+KmtYYK9iqvHSwo2k9FEH3fhGXvOPV6yz2IcSrfRUDg=="
    },
    "node_modules/fast-deep-equal": {
      "version": "3.1.3",
      "resolved": "https://registry.npmmirror.com/fast-deep-equal/-/fast-deep-equal-3.1.3.tgz",
      "integrity": "sha512-f3qQ9oQy9j2AhBe/H9VC91wLmKBCCU/gDOnKNAYG5hswO7BLKj09Hc5HYNz9cGI++xlpDCIgDaitVs03ATR84Q=="
    },
    "node_modules/lodash-es": {
      "version": "4.17.21",
      "resolved": "https://registry.npmmirror.com/lodash-es/-/lodash-es-4.17.21.tgz",
      "integrity": "sha512-mKnC+QJ9pWVzv+C4/U3rRsHapFfHvQFoFB92e52xeyGMcX6/OlIl78je1u8vePzYZSkkogMPJ2yjxxsb89cxyw=="
    },
    "node_modules/tdesign-miniprogram": {
      "version": "1.5.0",
      "resolved": "https://registry.npmmirror.com/tdesign-miniprogram/-/tdesign-miniprogram-1.5.0.tgz",
      "integrity": "sha512-MjZj4ulBpa5wIfvfHf64nbRinW5LpM5BEFMTA+OkiTHz8yCmjAkg/S7TdiZpLwXAbrVQChmHpLCxgy+cRYA5bA==",
      "dependencies": {
        "dayjs": "^1.10.7"
      }
    },
    "node_modules/tslib": {
      "version": "2.5.0",
      "resolved": "https://registry.npmmirror.com/tslib/-/tslib-2.5.0.tgz",
      "integrity": "sha512-336iVw3rtn2BUK7ORdIAHTyxHGRIHVReokCR3XjbckJMK7ms8FysBfhLR8IXnAgy7T0PTPNBWKiH514FOW/WSg=="
    }
  }
}
